
Microsoft Visual Studio Solution File, Format Version 12.00
# Visual Studio Version 17
VisualStudioVersion = 17.10.35122.118
MinimumVisualStudioVersion = 10.0.40219.1
Project("{9A19103F-16F7-4668-BE54-9A1E7A4F7556}") = "Api", "Api.csproj", "{F21F0129-7801-488D-B69C-62305B66EBD3}"
EndProject
Project("{FAE04EC0-301F-11D3-BF4B-00C04F79EFBC}") = "ConsumeWebAPI", "..\ConsumeWebAPI\ConsumeWebAPI.csproj", "{8B4BF2BA-1B42-4BE3-AACF-BCC20D46333C}"
EndProject
Global
	GlobalSection(SolutionConfigurationPlatforms) = preSolution
		Debug|Any CPU = Debug|Any CPU
		Release|Any CPU = Release|Any CPU
	EndGlobalSection
	GlobalSection(ProjectConfigurationPlatforms) = postSolution
		{F21F0129-7801-488D-B69C-62305B66EBD3}.Debug|Any CPU.ActiveCfg = Debug|Any CPU
		{F21F0129-7801-488D-B69C-62305B66EBD3}.Debug|Any CPU.Build.0 = Debug|Any CPU
		{F21F0129-7801-488D-B69C-62305B66EBD3}.Release|Any CPU.ActiveCfg = Release|Any CPU
		{F21F0129-7801-488D-B69C-62305B66EBD3}.Release|Any CPU.Build.0 = Release|Any CPU
		{8B4BF2BA-1B42-4BE3-AACF-BCC20D46333C}.Debug|Any CPU.ActiveCfg = Debug|Any CPU
		{8B4BF2BA-1B42-4BE3-AACF-BCC20D46333C}.Debug|Any CPU.Build.0 = Debug|Any CPU
		{8B4BF2BA-1B42-4BE3-AACF-BCC20D46333C}.Release|Any CPU.ActiveCfg = Release|Any CPU
		{8B4BF2BA-1B42-4BE3-AACF-BCC20D46333C}.Release|Any CPU.Build.0 = Release|Any CPU
	EndGlobalSection
	GlobalSection(SolutionProperties) = preSolution
		HideSolutionNode = FALSE
	EndGlobalSection
	GlobalSection(ExtensibilityGlobals) = postSolution
		SolutionGuid = {6074BF2C-78E1-4E75-88CC-AE6F860C2D27}
	EndGlobalSection
EndGlobal
